# This file is autogenerated, do not edit; changes may be undone by the next 'dep ensure'.


[[projects]]
  name = "github.com/docopt/docopt-go"
  packages = ["."]
  revision = "784ddc588536785e7299f7272f39101f7faccc3f"
  version = "0.6.2"

[[projects]]
  branch = "master"
  name = "github.com/mitchellh/ioprogress"
  packages = ["."]
  revision = "6a23b12fa88ea53e63d9b49f148fe6b29c30af6d"

[solve-meta]
  analyzer-name = "dep"
  analyzer-version = 1
  inputs-digest = "8cbc135d2debe85f4482d573996d3eb6cb2588cdc5ab5b90d872f846e3250e98"
  solver-name = "gps-cdcl"
  solver-version = 1
